
Microsoft Visual Studio Solution File, Format Version 12.00
# Visual Studio Version 17
VisualStudioVersion = 17.7.34024.191
MinimumVisualStudioVersion = 10.0.40219.1
Project("{9A19103F-16F7-4668-BE54-9A1E7A4F7556}") = "Day04 Part2", "Day04 Part2\Day04 Part2.csproj", "{C7F7AB7F-8FD7-4AF8-BEB3-803637311F1E}"
EndProject
Project("{9A19103F-16F7-4668-BE54-9A1E7A4F7556}") = "Day04 Part1", "Day04 Part1\Day04 Part1.csproj", "{8B999DCD-93DA-4614-8128-7004D9A10B82}"
EndProject
Project("{9A19103F-16F7-4668-BE54-9A1E7A4F7556}") = "Day01 Part1", "Day01 Part1\Day01 Part1.csproj", "{793A40B9-EB17-4EB3-8D2D-61813DA2D258}"
EndProject
Project("{9A19103F-16F7-4668-BE54-9A1E7A4F7556}") = "Day01 Part2", "Day01 Part2\Day01 Part2.csproj", "{85617637-ABEB-4673-9FBE-9EA1E2F367CE}"
EndProject
Project("{9A19103F-16F7-4668-BE54-9A1E7A4F7556}") = "Day02 Part1", "Day02 Part1\Day02 Part1.csproj", "{A9F486B4-63ED-467F-A117-31B139B9A840}"
EndProject
Project("{9A19103F-16F7-4668-BE54-9A1E7A4F7556}") = "Day02 Part2", "Day02 Part2\Day02 Part2.csproj", "{F757AA89-C954-46F7-9B49-61F124B920E3}"
EndProject
Project("{9A19103F-16F7-4668-BE54-9A1E7A4F7556}") = "Day03 Part1", "Day03 Part1\Day03 Part1.csproj", "{E20AEB26-78A8-4D29-8488-3D340E2A8527}"
EndProject
Project("{9A19103F-16F7-4668-BE54-9A1E7A4F7556}") = "Day03 Part2", "Day03 Part2\Day03 Part2.csproj", "{DB24AA6F-39FC-4D82-989A-DF9B7EEE426E}"
EndProject
Project("{9A19103F-16F7-4668-BE54-9A1E7A4F7556}") = "Day05 Part1", "Day05 Part1\Day05 Part1.csproj", "{6C8500E6-6837-406A-8F46-3F808A44C126}"
EndProject
Project("{9A19103F-16F7-4668-BE54-9A1E7A4F7556}") = "Day05 Part2", "Day05 Part2\Day05 Part2.csproj", "{24FC2158-5389-4FF0-B2BE-AF9E6606E4D1}"
EndProject
Project("{9A19103F-16F7-4668-BE54-9A1E7A4F7556}") = "Day06 Part1", "Day06 Part1\Day06 Part1.csproj", "{4F31659A-C2E2-43D5-8784-374A89829ED7}"
EndProject
Project("{9A19103F-16F7-4668-BE54-9A1E7A4F7556}") = "Day06 Part2", "Day06 Part2\Day06 Part2.csproj", "{85E4CA76-13F7-47EC-B755-A71B7CE5ECBF}"
EndProject
Project("{9A19103F-16F7-4668-BE54-9A1E7A4F7556}") = "Day07 Part1", "Day07 Part1\Day07 Part1.csproj", "{42B6C697-508C-426E-9C6C-770ED4B35777}"
EndProject
Project("{9A19103F-16F7-4668-BE54-9A1E7A4F7556}") = "Day07 Part2", "Day07 Part2\Day07 Part2.csproj", "{8F0D081C-5317-499B-9D3E-E59263A7BDDE}"
EndProject
Project("{9A19103F-16F7-4668-BE54-9A1E7A4F7556}") = "Day08 Part1", "Day08 Part1\Day08 Part1.csproj", "{BC3CCA5D-EE1C-4F22-8340-E96EA2C905A7}"
EndProject
Project("{9A19103F-16F7-4668-BE54-9A1E7A4F7556}") = "Day08 Part2", "Day08 Part2\Day08 Part2.csproj", "{BD6826A8-2F0C-4A53-BD32-D648F6BD3C68}"
EndProject
Project("{9A19103F-16F7-4668-BE54-9A1E7A4F7556}") = "Day09 Part1", "Day09 Part1\Day09 Part1.csproj", "{DE3E0418-25CA-4442-9660-36579A4B8686}"
EndProject
Project("{9A19103F-16F7-4668-BE54-9A1E7A4F7556}") = "Day09 Part2", "Day09 Part2\Day09 Part2.csproj", "{4B8DEB35-4DBC-4BD4-937E-BC6AB90696CA}"
EndProject
Project("{9A19103F-16F7-4668-BE54-9A1E7A4F7556}") = "Day10 Part1", "Day10 Part1\Day10 Part1.csproj", "{AA5B211F-1D72-4E37-B681-3F4FCB02216F}"
EndProject
Project("{9A19103F-16F7-4668-BE54-9A1E7A4F7556}") = "Day10 Part2", "Day10 Part2\Day10 Part2.csproj", "{F2257F95-25F5-40CC-AD19-AC4AE8301C50}"
EndProject
Project("{9A19103F-16F7-4668-BE54-9A1E7A4F7556}") = "Day11 Part1", "Day11 Part1\Day11 Part1.csproj", "{CACD0DBB-2D0E-4F5D-96D9-213314305CCF}"
EndProject
Project("{9A19103F-16F7-4668-BE54-9A1E7A4F7556}") = "Day11 Part2", "Day11 Part2\Day11 Part2.csproj", "{6048D135-80B2-4E35-BFB2-28E27A868E51}"
EndProject
Project("{9A19103F-16F7-4668-BE54-9A1E7A4F7556}") = "Day12 Part1", "Day12 Part1\Day12 Part1.csproj", "{3B7D0365-C7CA-415B-947F-53929B4BFDD8}"
EndProject
Project("{9A19103F-16F7-4668-BE54-9A1E7A4F7556}") = "Day12 Part2", "Day12 Part2\Day12 Part2.csproj", "{E0BB9BDF-9074-42C0-8472-608FEC2196C1}"
EndProject
Project("{9A19103F-16F7-4668-BE54-9A1E7A4F7556}") = "Day13 Part1", "Day13 Part1\Day13 Part1.csproj", "{DB10D57E-37AC-4258-8778-DDD69AB440CB}"
EndProject
Project("{9A19103F-16F7-4668-BE54-9A1E7A4F7556}") = "Day13 Part2", "Day13 Part2\Day13 Part2.csproj", "{C208A231-610A-46E9-8A3B-6A4F231B2878}"
EndProject
Project("{9A19103F-16F7-4668-BE54-9A1E7A4F7556}") = "Day14 Part1", "Day14 Part1\Day14 Part1.csproj", "{39990BDB-8BD1-47EF-B2F7-A85933CC33B1}"
EndProject
Project("{9A19103F-16F7-4668-BE54-9A1E7A4F7556}") = "Day14 Part2", "Day14 Part2\Day14 Part2.csproj", "{81834BBC-A3AD-48E4-9F70-1012F5A250C4}"
EndProject
Project("{9A19103F-16F7-4668-BE54-9A1E7A4F7556}") = "Day15 Part1", "Day15 Part1\Day15 Part1.csproj", "{B10E63C8-0227-4074-85A1-4649EB5C91F5}"
EndProject
Project("{9A19103F-16F7-4668-BE54-9A1E7A4F7556}") = "Day15 Part2", "Day15 Part2\Day15 Part2.csproj", "{F2F53409-5CC5-41B2-A0A2-A124C9D5A9DB}"
EndProject
Project("{9A19103F-16F7-4668-BE54-9A1E7A4F7556}") = "Day16 Part1", "Day16 Part1\Day16 Part1.csproj", "{7F1273B8-03E1-461C-87F5-AC64282938BF}"
EndProject
Project("{9A19103F-16F7-4668-BE54-9A1E7A4F7556}") = "Day16 Part2", "Day16 Part2\Day16 Part2.csproj", "{E2D7D43C-7398-42C5-86C5-A6B082E7001D}"
EndProject
Project("{9A19103F-16F7-4668-BE54-9A1E7A4F7556}") = "Day17 Part1", "Day17 Part1\Day17 Part1.csproj", "{2C2484D2-9075-460B-82CA-58AB84A76A7B}"
EndProject
Project("{9A19103F-16F7-4668-BE54-9A1E7A4F7556}") = "Day17 Part2", "Day17 Part2\Day17 Part2.csproj", "{22F2C7D6-FF45-4C1A-824D-4564871F1994}"
EndProject
Project("{9A19103F-16F7-4668-BE54-9A1E7A4F7556}") = "Day18 Part1", "Day18 Part1\Day18 Part1.csproj", "{6B300391-78CD-49D3-9678-061500C21856}"
EndProject
Project("{9A19103F-16F7-4668-BE54-9A1E7A4F7556}") = "Day18 Part2", "Day18 Part2\Day18 Part2.csproj", "{07E575FB-9CD9-47BB-8CC1-3FA027C347F2}"
EndProject
Project("{9A19103F-16F7-4668-BE54-9A1E7A4F7556}") = "Day19 Part1", "Day19 Part1\Day19 Part1.csproj", "{800FB776-16FD-4B38-88B3-6D3C9F05C108}"
EndProject
Project("{9A19103F-16F7-4668-BE54-9A1E7A4F7556}") = "Day19 Part2", "Day19 Part2\Day19 Part2.csproj", "{D0B90E0F-E2EA-4164-9084-631D05DD6149}"
EndProject
Project("{9A19103F-16F7-4668-BE54-9A1E7A4F7556}") = "Day20 Part1", "Day20 Part1\Day20 Part1.csproj", "{B0A1E690-8BDB-4D7A-AAB9-833002D56E4B}"
EndProject
Project("{9A19103F-16F7-4668-BE54-9A1E7A4F7556}") = "Day20 Part2", "Day20 Part2\Day20 Part2.csproj", "{57E4BE5F-A4BB-4A82-80E0-80307B394768}"
EndProject
Project("{9A19103F-16F7-4668-BE54-9A1E7A4F7556}") = "Day21 Part1", "Day21 Part1\Day21 Part1.csproj", "{CA33F238-9778-4CCC-9030-D92888409548}"
EndProject
Project("{9A19103F-16F7-4668-BE54-9A1E7A4F7556}") = "Day21 Part2", "Day21 Part2\Day21 Part2.csproj", "{25076DBD-7AB3-41C9-AA1B-AF91C7AB98C4}"
EndProject
Project("{9A19103F-16F7-4668-BE54-9A1E7A4F7556}") = "Day22 Part1", "Day22 Part1\Day22 Part1.csproj", "{037A94BE-2F83-46A3-9068-761F293C446F}"
EndProject
Project("{9A19103F-16F7-4668-BE54-9A1E7A4F7556}") = "Day22 Part2", "Day22 Part2\Day22 Part2.csproj", "{4A19D9A5-D89C-414B-8A1E-805EECEC6C76}"
EndProject
Project("{9A19103F-16F7-4668-BE54-9A1E7A4F7556}") = "Day23 Part1", "Day23 Part1\Day23 Part1.csproj", "{D769B8E9-A067-4EB7-BA95-D252451D79D2}"
EndProject
Project("{9A19103F-16F7-4668-BE54-9A1E7A4F7556}") = "Day23 Part2", "Day23 Part2\Day23 Part2.csproj", "{497EBA26-DEA3-4452-86F4-BC88D937C54A}"
EndProject
Project("{9A19103F-16F7-4668-BE54-9A1E7A4F7556}") = "Day24 Part1", "Day24 Part1\Day24 Part1.csproj", "{03286AD3-C8CF-4D57-B108-B6591657708B}"
EndProject
Project("{9A19103F-16F7-4668-BE54-9A1E7A4F7556}") = "Day24 Part2", "Day24 Part2\Day24 Part2.csproj", "{4F00F243-4CD0-48D9-839A-EB5D50DB5A4E}"
EndProject
Project("{9A19103F-16F7-4668-BE54-9A1E7A4F7556}") = "Day25 Part1", "Day25 Part1\Day25 Part1.csproj", "{39988E93-5471-4389-ABA6-16D4CD3686B4}"
EndProject
Project("{9A19103F-16F7-4668-BE54-9A1E7A4F7556}") = "Day25 Part2", "Day25 Part2\Day25 Part2.csproj", "{D6C68146-4F52-46D0-A625-0A7E0CF19A52}"
EndProject
Project("{FAE04EC0-301F-11D3-BF4B-00C04F79EFBC}") = "AOC Helper", "AOC Helper\AOC Helper.csproj", "{F1356355-2BCB-45EF-83F6-5549D431CCDF}"
EndProject
Global
	GlobalSection(SolutionConfigurationPlatforms) = preSolution
		Debug|Any CPU = Debug|Any CPU
		Release|Any CPU = Release|Any CPU
	EndGlobalSection
	GlobalSection(ProjectConfigurationPlatforms) = postSolution
		{C7F7AB7F-8FD7-4AF8-BEB3-803637311F1E}.Debug|Any CPU.ActiveCfg = Debug|Any CPU
		{C7F7AB7F-8FD7-4AF8-BEB3-803637311F1E}.Debug|Any CPU.Build.0 = Debug|Any CPU
		{C7F7AB7F-8FD7-4AF8-BEB3-803637311F1E}.Release|Any CPU.ActiveCfg = Release|Any CPU
		{C7F7AB7F-8FD7-4AF8-BEB3-803637311F1E}.Release|Any CPU.Build.0 = Release|Any CPU
		{8B999DCD-93DA-4614-8128-7004D9A10B82}.Debug|Any CPU.ActiveCfg = Debug|Any CPU
		{8B999DCD-93DA-4614-8128-7004D9A10B82}.Debug|Any CPU.Build.0 = Debug|Any CPU
		{8B999DCD-93DA-4614-8128-7004D9A10B82}.Release|Any CPU.ActiveCfg = Release|Any CPU
		{8B999DCD-93DA-4614-8128-7004D9A10B82}.Release|Any CPU.Build.0 = Release|Any CPU
		{793A40B9-EB17-4EB3-8D2D-61813DA2D258}.Debug|Any CPU.ActiveCfg = Debug|Any CPU
		{793A40B9-EB17-4EB3-8D2D-61813DA2D258}.Debug|Any CPU.Build.0 = Debug|Any CPU
		{793A40B9-EB17-4EB3-8D2D-61813DA2D258}.Release|Any CPU.ActiveCfg = Release|Any CPU
		{793A40B9-EB17-4EB3-8D2D-61813DA2D258}.Release|Any CPU.Build.0 = Release|Any CPU
		{85617637-ABEB-4673-9FBE-9EA1E2F367CE}.Debug|Any CPU.ActiveCfg = Debug|Any CPU
		{85617637-ABEB-4673-9FBE-9EA1E2F367CE}.Debug|Any CPU.Build.0 = Debug|Any CPU
		{85617637-ABEB-4673-9FBE-9EA1E2F367CE}.Release|Any CPU.ActiveCfg = Release|Any CPU
		{85617637-ABEB-4673-9FBE-9EA1E2F367CE}.Release|Any CPU.Build.0 = Release|Any CPU
		{A9F486B4-63ED-467F-A117-31B139B9A840}.Debug|Any CPU.ActiveCfg = Debug|Any CPU
		{A9F486B4-63ED-467F-A117-31B139B9A840}.Debug|Any CPU.Build.0 = Debug|Any CPU
		{A9F486B4-63ED-467F-A117-31B139B9A840}.Release|Any CPU.ActiveCfg = Release|Any CPU
		{A9F486B4-63ED-467F-A117-31B139B9A840}.Release|Any CPU.Build.0 = Release|Any CPU
		{F757AA89-C954-46F7-9B49-61F124B920E3}.Debug|Any CPU.ActiveCfg = Debug|Any CPU
		{F757AA89-C954-46F7-9B49-61F124B920E3}.Debug|Any CPU.Build.0 = Debug|Any CPU
		{F757AA89-C954-46F7-9B49-61F124B920E3}.Release|Any CPU.ActiveCfg = Release|Any CPU
		{F757AA89-C954-46F7-9B49-61F124B920E3}.Release|Any CPU.Build.0 = Release|Any CPU
		{E20AEB26-78A8-4D29-8488-3D340E2A8527}.Debug|Any CPU.ActiveCfg = Debug|Any CPU
		{E20AEB26-78A8-4D29-8488-3D340E2A8527}.Debug|Any CPU.Build.0 = Debug|Any CPU
		{E20AEB26-78A8-4D29-8488-3D340E2A8527}.Release|Any CPU.ActiveCfg = Release|Any CPU
		{E20AEB26-78A8-4D29-8488-3D340E2A8527}.Release|Any CPU.Build.0 = Release|Any CPU
		{DB24AA6F-39FC-4D82-989A-DF9B7EEE426E}.Debug|Any CPU.ActiveCfg = Debug|Any CPU
		{DB24AA6F-39FC-4D82-989A-DF9B7EEE426E}.Debug|Any CPU.Build.0 = Debug|Any CPU
		{DB24AA6F-39FC-4D82-989A-DF9B7EEE426E}.Release|Any CPU.ActiveCfg = Release|Any CPU
		{DB24AA6F-39FC-4D82-989A-DF9B7EEE426E}.Release|Any CPU.Build.0 = Release|Any CPU
		{6C8500E6-6837-406A-8F46-3F808A44C126}.Debug|Any CPU.ActiveCfg = Debug|Any CPU
		{6C8500E6-6837-406A-8F46-3F808A44C126}.Debug|Any CPU.Build.0 = Debug|Any CPU
		{6C8500E6-6837-406A-8F46-3F808A44C126}.Release|Any CPU.ActiveCfg = Release|Any CPU
		{6C8500E6-6837-406A-8F46-3F808A44C126}.Release|Any CPU.Build.0 = Release|Any CPU
		{24FC2158-5389-4FF0-B2BE-AF9E6606E4D1}.Debug|Any CPU.ActiveCfg = Debug|Any CPU
		{24FC2158-5389-4FF0-B2BE-AF9E6606E4D1}.Debug|Any CPU.Build.0 = Debug|Any CPU
		{24FC2158-5389-4FF0-B2BE-AF9E6606E4D1}.Release|Any CPU.ActiveCfg = Release|Any CPU
		{24FC2158-5389-4FF0-B2BE-AF9E6606E4D1}.Release|Any CPU.Build.0 = Release|Any CPU
		{4F31659A-C2E2-43D5-8784-374A89829ED7}.Debug|Any CPU.ActiveCfg = Debug|Any CPU
		{4F31659A-C2E2-43D5-8784-374A89829ED7}.Debug|Any CPU.Build.0 = Debug|Any CPU
		{4F31659A-C2E2-43D5-8784-374A89829ED7}.Release|Any CPU.ActiveCfg = Release|Any CPU
		{4F31659A-C2E2-43D5-8784-374A89829ED7}.Release|Any CPU.Build.0 = Release|Any CPU
		{85E4CA76-13F7-47EC-B755-A71B7CE5ECBF}.Debug|Any CPU.ActiveCfg = Debug|Any CPU
		{85E4CA76-13F7-47EC-B755-A71B7CE5ECBF}.Debug|Any CPU.Build.0 = Debug|Any CPU
		{85E4CA76-13F7-47EC-B755-A71B7CE5ECBF}.Release|Any CPU.ActiveCfg = Release|Any CPU
		{85E4CA76-13F7-47EC-B755-A71B7CE5ECBF}.Release|Any CPU.Build.0 = Release|Any CPU
		{42B6C697-508C-426E-9C6C-770ED4B35777}.Debug|Any CPU.ActiveCfg = Debug|Any CPU
		{42B6C697-508C-426E-9C6C-770ED4B35777}.Debug|Any CPU.Build.0 = Debug|Any CPU
		{42B6C697-508C-426E-9C6C-770ED4B35777}.Release|Any CPU.ActiveCfg = Release|Any CPU
		{42B6C697-508C-426E-9C6C-770ED4B35777}.Release|Any CPU.Build.0 = Release|Any CPU
		{8F0D081C-5317-499B-9D3E-E59263A7BDDE}.Debug|Any CPU.ActiveCfg = Debug|Any CPU
		{8F0D081C-5317-499B-9D3E-E59263A7BDDE}.Debug|Any CPU.Build.0 = Debug|Any CPU
		{8F0D081C-5317-499B-9D3E-E59263A7BDDE}.Release|Any CPU.ActiveCfg = Release|Any CPU
		{8F0D081C-5317-499B-9D3E-E59263A7BDDE}.Release|Any CPU.Build.0 = Release|Any CPU
		{BC3CCA5D-EE1C-4F22-8340-E96EA2C905A7}.Debug|Any CPU.ActiveCfg = Debug|Any CPU
		{BC3CCA5D-EE1C-4F22-8340-E96EA2C905A7}.Debug|Any CPU.Build.0 = Debug|Any CPU
		{BC3CCA5D-EE1C-4F22-8340-E96EA2C905A7}.Release|Any CPU.ActiveCfg = Release|Any CPU
		{BC3CCA5D-EE1C-4F22-8340-E96EA2C905A7}.Release|Any CPU.Build.0 = Release|Any CPU
		{BD6826A8-2F0C-4A53-BD32-D648F6BD3C68}.Debug|Any CPU.ActiveCfg = Debug|Any CPU
		{BD6826A8-2F0C-4A53-BD32-D648F6BD3C68}.Debug|Any CPU.Build.0 = Debug|Any CPU
		{BD6826A8-2F0C-4A53-BD32-D648F6BD3C68}.Release|Any CPU.ActiveCfg = Release|Any CPU
		{BD6826A8-2F0C-4A53-BD32-D648F6BD3C68}.Release|Any CPU.Build.0 = Release|Any CPU
		{DE3E0418-25CA-4442-9660-36579A4B8686}.Debug|Any CPU.ActiveCfg = Debug|Any CPU
		{DE3E0418-25CA-4442-9660-36579A4B8686}.Debug|Any CPU.Build.0 = Debug|Any CPU
		{DE3E0418-25CA-4442-9660-36579A4B8686}.Release|Any CPU.ActiveCfg = Release|Any CPU
		{DE3E0418-25CA-4442-9660-36579A4B8686}.Release|Any CPU.Build.0 = Release|Any CPU
		{4B8DEB35-4DBC-4BD4-937E-BC6AB90696CA}.Debug|Any CPU.ActiveCfg = Debug|Any CPU
		{4B8DEB35-4DBC-4BD4-937E-BC6AB90696CA}.Debug|Any CPU.Build.0 = Debug|Any CPU
		{4B8DEB35-4DBC-4BD4-937E-BC6AB90696CA}.Release|Any CPU.ActiveCfg = Release|Any CPU
		{4B8DEB35-4DBC-4BD4-937E-BC6AB90696CA}.Release|Any CPU.Build.0 = Release|Any CPU
		{AA5B211F-1D72-4E37-B681-3F4FCB02216F}.Debug|Any CPU.ActiveCfg = Debug|Any CPU
		{AA5B211F-1D72-4E37-B681-3F4FCB02216F}.Debug|Any CPU.Build.0 = Debug|Any CPU
		{AA5B211F-1D72-4E37-B681-3F4FCB02216F}.Release|Any CPU.ActiveCfg = Release|Any CPU
		{AA5B211F-1D72-4E37-B681-3F4FCB02216F}.Release|Any CPU.Build.0 = Release|Any CPU
		{F2257F95-25F5-40CC-AD19-AC4AE8301C50}.Debug|Any CPU.ActiveCfg = Debug|Any CPU
		{F2257F95-25F5-40CC-AD19-AC4AE8301C50}.Debug|Any CPU.Build.0 = Debug|Any CPU
		{F2257F95-25F5-40CC-AD19-AC4AE8301C50}.Release|Any CPU.ActiveCfg = Release|Any CPU
		{F2257F95-25F5-40CC-AD19-AC4AE8301C50}.Release|Any CPU.Build.0 = Release|Any CPU
		{CACD0DBB-2D0E-4F5D-96D9-213314305CCF}.Debug|Any CPU.ActiveCfg = Debug|Any CPU
		{CACD0DBB-2D0E-4F5D-96D9-213314305CCF}.Debug|Any CPU.Build.0 = Debug|Any CPU
		{CACD0DBB-2D0E-4F5D-96D9-213314305CCF}.Release|Any CPU.ActiveCfg = Release|Any CPU
		{CACD0DBB-2D0E-4F5D-96D9-213314305CCF}.Release|Any CPU.Build.0 = Release|Any CPU
		{6048D135-80B2-4E35-BFB2-28E27A868E51}.Debug|Any CPU.ActiveCfg = Debug|Any CPU
		{6048D135-80B2-4E35-BFB2-28E27A868E51}.Debug|Any CPU.Build.0 = Debug|Any CPU
		{6048D135-80B2-4E35-BFB2-28E27A868E51}.Release|Any CPU.ActiveCfg = Release|Any CPU
		{6048D135-80B2-4E35-BFB2-28E27A868E51}.Release|Any CPU.Build.0 = Release|Any CPU
		{3B7D0365-C7CA-415B-947F-53929B4BFDD8}.Debug|Any CPU.ActiveCfg = Debug|Any CPU
		{3B7D0365-C7CA-415B-947F-53929B4BFDD8}.Debug|Any CPU.Build.0 = Debug|Any CPU
		{3B7D0365-C7CA-415B-947F-53929B4BFDD8}.Release|Any CPU.ActiveCfg = Release|Any CPU
		{3B7D0365-C7CA-415B-947F-53929B4BFDD8}.Release|Any CPU.Build.0 = Release|Any CPU
		{E0BB9BDF-9074-42C0-8472-608FEC2196C1}.Debug|Any CPU.ActiveCfg = Debug|Any CPU
		{E0BB9BDF-9074-42C0-8472-608FEC2196C1}.Debug|Any CPU.Build.0 = Debug|Any CPU
		{E0BB9BDF-9074-42C0-8472-608FEC2196C1}.Release|Any CPU.ActiveCfg = Release|Any CPU
		{E0BB9BDF-9074-42C0-8472-608FEC2196C1}.Release|Any CPU.Build.0 = Release|Any CPU
		{DB10D57E-37AC-4258-8778-DDD69AB440CB}.Debug|Any CPU.ActiveCfg = Debug|Any CPU
		{DB10D57E-37AC-4258-8778-DDD69AB440CB}.Debug|Any CPU.Build.0 = Debug|Any CPU
		{DB10D57E-37AC-4258-8778-DDD69AB440CB}.Release|Any CPU.ActiveCfg = Release|Any CPU
		{DB10D57E-37AC-4258-8778-DDD69AB440CB}.Release|Any CPU.Build.0 = Release|Any CPU
		{C208A231-610A-46E9-8A3B-6A4F231B2878}.Debug|Any CPU.ActiveCfg = Debug|Any CPU
		{C208A231-610A-46E9-8A3B-6A4F231B2878}.Debug|Any CPU.Build.0 = Debug|Any CPU
		{C208A231-610A-46E9-8A3B-6A4F231B2878}.Release|Any CPU.ActiveCfg = Release|Any CPU
		{C208A231-610A-46E9-8A3B-6A4F231B2878}.Release|Any CPU.Build.0 = Release|Any CPU
		{39990BDB-8BD1-47EF-B2F7-A85933CC33B1}.Debug|Any CPU.ActiveCfg = Debug|Any CPU
		{39990BDB-8BD1-47EF-B2F7-A85933CC33B1}.Debug|Any CPU.Build.0 = Debug|Any CPU
		{39990BDB-8BD1-47EF-B2F7-A85933CC33B1}.Release|Any CPU.ActiveCfg = Release|Any CPU
		{39990BDB-8BD1-47EF-B2F7-A85933CC33B1}.Release|Any CPU.Build.0 = Release|Any CPU
		{81834BBC-A3AD-48E4-9F70-1012F5A250C4}.Debug|Any CPU.ActiveCfg = Debug|Any CPU
		{81834BBC-A3AD-48E4-9F70-1012F5A250C4}.Debug|Any CPU.Build.0 = Debug|Any CPU
		{81834BBC-A3AD-48E4-9F70-1012F5A250C4}.Release|Any CPU.ActiveCfg = Release|Any CPU
		{81834BBC-A3AD-48E4-9F70-1012F5A250C4}.Release|Any CPU.Build.0 = Release|Any CPU
		{B10E63C8-0227-4074-85A1-4649EB5C91F5}.Debug|Any CPU.ActiveCfg = Debug|Any CPU
		{B10E63C8-0227-4074-85A1-4649EB5C91F5}.Debug|Any CPU.Build.0 = Debug|Any CPU
		{B10E63C8-0227-4074-85A1-4649EB5C91F5}.Release|Any CPU.ActiveCfg = Release|Any CPU
		{B10E63C8-0227-4074-85A1-4649EB5C91F5}.Release|Any CPU.Build.0 = Release|Any CPU
		{F2F53409-5CC5-41B2-A0A2-A124C9D5A9DB}.Debug|Any CPU.ActiveCfg = Debug|Any CPU
		{F2F53409-5CC5-41B2-A0A2-A124C9D5A9DB}.Debug|Any CPU.Build.0 = Debug|Any CPU
		{F2F53409-5CC5-41B2-A0A2-A124C9D5A9DB}.Release|Any CPU.ActiveCfg = Release|Any CPU
		{F2F53409-5CC5-41B2-A0A2-A124C9D5A9DB}.Release|Any CPU.Build.0 = Release|Any CPU
		{7F1273B8-03E1-461C-87F5-AC64282938BF}.Debug|Any CPU.ActiveCfg = Debug|Any CPU
		{7F1273B8-03E1-461C-87F5-AC64282938BF}.Debug|Any CPU.Build.0 = Debug|Any CPU
		{7F1273B8-03E1-461C-87F5-AC64282938BF}.Release|Any CPU.ActiveCfg = Release|Any CPU
		{7F1273B8-03E1-461C-87F5-AC64282938BF}.Release|Any CPU.Build.0 = Release|Any CPU
		{E2D7D43C-7398-42C5-86C5-A6B082E7001D}.Debug|Any CPU.ActiveCfg = Debug|Any CPU
		{E2D7D43C-7398-42C5-86C5-A6B082E7001D}.Debug|Any CPU.Build.0 = Debug|Any CPU
		{E2D7D43C-7398-42C5-86C5-A6B082E7001D}.Release|Any CPU.ActiveCfg = Release|Any CPU
		{E2D7D43C-7398-42C5-86C5-A6B082E7001D}.Release|Any CPU.Build.0 = Release|Any CPU
		{2C2484D2-9075-460B-82CA-58AB84A76A7B}.Debug|Any CPU.ActiveCfg = Debug|Any CPU
		{2C2484D2-9075-460B-82CA-58AB84A76A7B}.Debug|Any CPU.Build.0 = Debug|Any CPU
		{2C2484D2-9075-460B-82CA-58AB84A76A7B}.Release|Any CPU.ActiveCfg = Release|Any CPU
		{2C2484D2-9075-460B-82CA-58AB84A76A7B}.Release|Any CPU.Build.0 = Release|Any CPU
		{22F2C7D6-FF45-4C1A-824D-4564871F1994}.Debug|Any CPU.ActiveCfg = Debug|Any CPU
		{22F2C7D6-FF45-4C1A-824D-4564871F1994}.Debug|Any CPU.Build.0 = Debug|Any CPU
		{22F2C7D6-FF45-4C1A-824D-4564871F1994}.Release|Any CPU.ActiveCfg = Release|Any CPU
		{22F2C7D6-FF45-4C1A-824D-4564871F1994}.Release|Any CPU.Build.0 = Release|Any CPU
		{6B300391-78CD-49D3-9678-061500C21856}.Debug|Any CPU.ActiveCfg = Debug|Any CPU
		{6B300391-78CD-49D3-9678-061500C21856}.Debug|Any CPU.Build.0 = Debug|Any CPU
		{6B300391-78CD-49D3-9678-061500C21856}.Release|Any CPU.ActiveCfg = Release|Any CPU
		{6B300391-78CD-49D3-9678-061500C21856}.Release|Any CPU.Build.0 = Release|Any CPU
		{07E575FB-9CD9-47BB-8CC1-3FA027C347F2}.Debug|Any CPU.ActiveCfg = Debug|Any CPU
		{07E575FB-9CD9-47BB-8CC1-3FA027C347F2}.Debug|Any CPU.Build.0 = Debug|Any CPU
		{07E575FB-9CD9-47BB-8CC1-3FA027C347F2}.Release|Any CPU.ActiveCfg = Release|Any CPU
		{07E575FB-9CD9-47BB-8CC1-3FA027C347F2}.Release|Any CPU.Build.0 = Release|Any CPU
		{800FB776-16FD-4B38-88B3-6D3C9F05C108}.Debug|Any CPU.ActiveCfg = Debug|Any CPU
		{800FB776-16FD-4B38-88B3-6D3C9F05C108}.Debug|Any CPU.Build.0 = Debug|Any CPU
		{800FB776-16FD-4B38-88B3-6D3C9F05C108}.Release|Any CPU.ActiveCfg = Release|Any CPU
		{800FB776-16FD-4B38-88B3-6D3C9F05C108}.Release|Any CPU.Build.0 = Release|Any CPU
		{D0B90E0F-E2EA-4164-9084-631D05DD6149}.Debug|Any CPU.ActiveCfg = Debug|Any CPU
		{D0B90E0F-E2EA-4164-9084-631D05DD6149}.Debug|Any CPU.Build.0 = Debug|Any CPU
		{D0B90E0F-E2EA-4164-9084-631D05DD6149}.Release|Any CPU.ActiveCfg = Release|Any CPU
		{D0B90E0F-E2EA-4164-9084-631D05DD6149}.Release|Any CPU.Build.0 = Release|Any CPU
		{B0A1E690-8BDB-4D7A-AAB9-833002D56E4B}.Debug|Any CPU.ActiveCfg = Debug|Any CPU
		{B0A1E690-8BDB-4D7A-AAB9-833002D56E4B}.Debug|Any CPU.Build.0 = Debug|Any CPU
		{B0A1E690-8BDB-4D7A-AAB9-833002D56E4B}.Release|Any CPU.ActiveCfg = Release|Any CPU
		{B0A1E690-8BDB-4D7A-AAB9-833002D56E4B}.Release|Any CPU.Build.0 = Release|Any CPU
		{57E4BE5F-A4BB-4A82-80E0-80307B394768}.Debug|Any CPU.ActiveCfg = Debug|Any CPU
		{57E4BE5F-A4BB-4A82-80E0-80307B394768}.Debug|Any CPU.Build.0 = Debug|Any CPU
		{57E4BE5F-A4BB-4A82-80E0-80307B394768}.Release|Any CPU.ActiveCfg = Release|Any CPU
		{57E4BE5F-A4BB-4A82-80E0-80307B394768}.Release|Any CPU.Build.0 = Release|Any CPU
		{CA33F238-9778-4CCC-9030-D92888409548}.Debug|Any CPU.ActiveCfg = Debug|Any CPU
		{CA33F238-9778-4CCC-9030-D92888409548}.Debug|Any CPU.Build.0 = Debug|Any CPU
		{CA33F238-9778-4CCC-9030-D92888409548}.Release|Any CPU.ActiveCfg = Release|Any CPU
		{CA33F238-9778-4CCC-9030-D92888409548}.Release|Any CPU.Build.0 = Release|Any CPU
		{25076DBD-7AB3-41C9-AA1B-AF91C7AB98C4}.Debug|Any CPU.ActiveCfg = Debug|Any CPU
		{25076DBD-7AB3-41C9-AA1B-AF91C7AB98C4}.Debug|Any CPU.Build.0 = Debug|Any CPU
		{25076DBD-7AB3-41C9-AA1B-AF91C7AB98C4}.Release|Any CPU.ActiveCfg = Release|Any CPU
		{25076DBD-7AB3-41C9-AA1B-AF91C7AB98C4}.Release|Any CPU.Build.0 = Release|Any CPU
		{037A94BE-2F83-46A3-9068-761F293C446F}.Debug|Any CPU.ActiveCfg = Debug|Any CPU
		{037A94BE-2F83-46A3-9068-761F293C446F}.Debug|Any CPU.Build.0 = Debug|Any CPU
		{037A94BE-2F83-46A3-9068-761F293C446F}.Release|Any CPU.ActiveCfg = Release|Any CPU
		{037A94BE-2F83-46A3-9068-761F293C446F}.Release|Any CPU.Build.0 = Release|Any CPU
		{4A19D9A5-D89C-414B-8A1E-805EECEC6C76}.Debug|Any CPU.ActiveCfg = Debug|Any CPU
		{4A19D9A5-D89C-414B-8A1E-805EECEC6C76}.Debug|Any CPU.Build.0 = Debug|Any CPU
		{4A19D9A5-D89C-414B-8A1E-805EECEC6C76}.Release|Any CPU.ActiveCfg = Release|Any CPU
		{4A19D9A5-D89C-414B-8A1E-805EECEC6C76}.Release|Any CPU.Build.0 = Release|Any CPU
		{D769B8E9-A067-4EB7-BA95-D252451D79D2}.Debug|Any CPU.ActiveCfg = Debug|Any CPU
		{D769B8E9-A067-4EB7-BA95-D252451D79D2}.Debug|Any CPU.Build.0 = Debug|Any CPU
		{D769B8E9-A067-4EB7-BA95-D252451D79D2}.Release|Any CPU.ActiveCfg = Release|Any CPU
		{D769B8E9-A067-4EB7-BA95-D252451D79D2}.Release|Any CPU.Build.0 = Release|Any CPU
		{497EBA26-DEA3-4452-86F4-BC88D937C54A}.Debug|Any CPU.ActiveCfg = Debug|Any CPU
		{497EBA26-DEA3-4452-86F4-BC88D937C54A}.Debug|Any CPU.Build.0 = Debug|Any CPU
		{497EBA26-DEA3-4452-86F4-BC88D937C54A}.Release|Any CPU.ActiveCfg = Release|Any CPU
		{497EBA26-DEA3-4452-86F4-BC88D937C54A}.Release|Any CPU.Build.0 = Release|Any CPU
		{03286AD3-C8CF-4D57-B108-B6591657708B}.Debug|Any CPU.ActiveCfg = Debug|Any CPU
		{03286AD3-C8CF-4D57-B108-B6591657708B}.Debug|Any CPU.Build.0 = Debug|Any CPU
		{03286AD3-C8CF-4D57-B108-B6591657708B}.Release|Any CPU.ActiveCfg = Release|Any CPU
		{03286AD3-C8CF-4D57-B108-B6591657708B}.Release|Any CPU.Build.0 = Release|Any CPU
		{4F00F243-4CD0-48D9-839A-EB5D50DB5A4E}.Debug|Any CPU.ActiveCfg = Debug|Any CPU
		{4F00F243-4CD0-48D9-839A-EB5D50DB5A4E}.Debug|Any CPU.Build.0 = Debug|Any CPU
		{4F00F243-4CD0-48D9-839A-EB5D50DB5A4E}.Release|Any CPU.ActiveCfg = Release|Any CPU
		{4F00F243-4CD0-48D9-839A-EB5D50DB5A4E}.Release|Any CPU.Build.0 = Release|Any CPU
		{39988E93-5471-4389-ABA6-16D4CD3686B4}.Debug|Any CPU.ActiveCfg = Debug|Any CPU
		{39988E93-5471-4389-ABA6-16D4CD3686B4}.Debug|Any CPU.Build.0 = Debug|Any CPU
		{39988E93-5471-4389-ABA6-16D4CD3686B4}.Release|Any CPU.ActiveCfg = Release|Any CPU
		{39988E93-5471-4389-ABA6-16D4CD3686B4}.Release|Any CPU.Build.0 = Release|Any CPU
		{D6C68146-4F52-46D0-A625-0A7E0CF19A52}.Debug|Any CPU.ActiveCfg = Debug|Any CPU
		{D6C68146-4F52-46D0-A625-0A7E0CF19A52}.Debug|Any CPU.Build.0 = Debug|Any CPU
		{D6C68146-4F52-46D0-A625-0A7E0CF19A52}.Release|Any CPU.ActiveCfg = Release|Any CPU
		{D6C68146-4F52-46D0-A625-0A7E0CF19A52}.Release|Any CPU.Build.0 = Release|Any CPU
		{F1356355-2BCB-45EF-83F6-5549D431CCDF}.Debug|Any CPU.ActiveCfg = Debug|Any CPU
		{F1356355-2BCB-45EF-83F6-5549D431CCDF}.Debug|Any CPU.Build.0 = Debug|Any CPU
		{F1356355-2BCB-45EF-83F6-5549D431CCDF}.Release|Any CPU.ActiveCfg = Release|Any CPU
		{F1356355-2BCB-45EF-83F6-5549D431CCDF}.Release|Any CPU.Build.0 = Release|Any CPU
	EndGlobalSection
	GlobalSection(SolutionProperties) = preSolution
		HideSolutionNode = FALSE
	EndGlobalSection
	GlobalSection(ExtensibilityGlobals) = postSolution
		SolutionGuid = {32AB6A35-559C-4AD9-8231-E23FA288B55B}
	EndGlobalSection
EndGlobal
