
Microsoft Visual Studio Solution File, Format Version 12.00
# Visual Studio Version 17
VisualStudioVersion = 17.7.34024.191
MinimumVisualStudioVersion = 10.0.40219.1
Project("{9A19103F-16F7-4668-BE54-9A1E7A4F7556}") = "AdventOfCode2023", "AdventOfCode2023.csproj", "{8C34FFC1-0FFB-47A7-BF92-EC7F65143615}"
EndProject
Project("{FAE04EC0-301F-11D3-BF4B-00C04F79EFBC}") = "Day04 Part2", "Day04 Part2\Day04 Part2.csproj", "{C7F7AB7F-8FD7-4AF8-BEB3-803637311F1E}"
EndProject
Project("{FAE04EC0-301F-11D3-BF4B-00C04F79EFBC}") = "Day04 Part1", "Day04 Part1\Day04 Part1.csproj", "{8B999DCD-93DA-4614-8128-7004D9A10B82}"
EndProject
Global
	GlobalSection(SolutionConfigurationPlatforms) = preSolution
		Debug|Any CPU = Debug|Any CPU
		Release|Any CPU = Release|Any CPU
	EndGlobalSection
	GlobalSection(ProjectConfigurationPlatforms) = postSolution
		{8C34FFC1-0FFB-47A7-BF92-EC7F65143615}.Debug|Any CPU.ActiveCfg = Debug|Any CPU
		{8C34FFC1-0FFB-47A7-BF92-EC7F65143615}.Debug|Any CPU.Build.0 = Debug|Any CPU
		{8C34FFC1-0FFB-47A7-BF92-EC7F65143615}.Release|Any CPU.ActiveCfg = Release|Any CPU
		{8C34FFC1-0FFB-47A7-BF92-EC7F65143615}.Release|Any CPU.Build.0 = Release|Any CPU
		{C7F7AB7F-8FD7-4AF8-BEB3-803637311F1E}.Debug|Any CPU.ActiveCfg = Debug|Any CPU
		{C7F7AB7F-8FD7-4AF8-BEB3-803637311F1E}.Debug|Any CPU.Build.0 = Debug|Any CPU
		{C7F7AB7F-8FD7-4AF8-BEB3-803637311F1E}.Release|Any CPU.ActiveCfg = Release|Any CPU
		{C7F7AB7F-8FD7-4AF8-BEB3-803637311F1E}.Release|Any CPU.Build.0 = Release|Any CPU
		{8B999DCD-93DA-4614-8128-7004D9A10B82}.Debug|Any CPU.ActiveCfg = Debug|Any CPU
		{8B999DCD-93DA-4614-8128-7004D9A10B82}.Debug|Any CPU.Build.0 = Debug|Any CPU
		{8B999DCD-93DA-4614-8128-7004D9A10B82}.Release|Any CPU.ActiveCfg = Release|Any CPU
		{8B999DCD-93DA-4614-8128-7004D9A10B82}.Release|Any CPU.Build.0 = Release|Any CPU
	EndGlobalSection
	GlobalSection(SolutionProperties) = preSolution
		HideSolutionNode = FALSE
	EndGlobalSection
	GlobalSection(ExtensibilityGlobals) = postSolution
		SolutionGuid = {32AB6A35-559C-4AD9-8231-E23FA288B55B}
	EndGlobalSection
EndGlobal
